// !$*UTF8*$!
{
	archiveVersion = 1;
	classes = {
	};
	objectVersion = 50;
	objects = {

/* Begin PBXBuildFile section */
		B80DEFDD22C6040500ABE96A /* PSAffineTransformVC.m in Sources */ = {isa = PBXBuildFile; fileRef = B80DEFDB22C6040500ABE96A /* PSAffineTransformVC.m */; };
		B80DEFDE22C6040500ABE96A /* PSAffineTransformVC.xib in Resources */ = {isa = PBXBuildFile; fileRef = B80DEFDC22C6040500ABE96A /* PSAffineTransformVC.xib */; };
		B80DEFE222C60EC000ABE96A /* PS3DAffineTransformVC.m in Sources */ = {isa = PBXBuildFile; fileRef = B80DEFE022C60EC000ABE96A /* PS3DAffineTransformVC.m */; };
		B80DEFE322C60EC000ABE96A /* PS3DAffineTransformVC.xib in Resources */ = {isa = PBXBuildFile; fileRef = B80DEFE122C60EC000ABE96A /* PS3DAffineTransformVC.xib */; };
		B872CB1822C9B4B8005D8275 /* PSCATransitionController.m in Sources */ = {isa = PBXBuildFile; fileRef = B872CB1622C9B4B8005D8275 /* PSCATransitionController.m */; };
		B872CB1922C9B4B8005D8275 /* PSCATransitionController.xib in Resources */ = {isa = PBXBuildFile; fileRef = B872CB1722C9B4B8005D8275 /* PSCATransitionController.xib */; };
		B872CB1D22C9B763005D8275 /* PSCAAnimationController.m in Sources */ = {isa = PBXBuildFile; fileRef = B872CB1B22C9B763005D8275 /* PSCAAnimationController.m */; };
		B872CB1E22C9B763005D8275 /* PSCAAnimationController.xib in Resources */ = {isa = PBXBuildFile; fileRef = B872CB1C22C9B763005D8275 /* PSCAAnimationController.xib */; };
		B88C98DF2293C101002EA7E0 /* AppDelegate.m in Sources */ = {isa = PBXBuildFile; fileRef = B88C98DE2293C101002EA7E0 /* AppDelegate.m */; };
		B88C98E22293C101002EA7E0 /* ViewController.m in Sources */ = {isa = PBXBuildFile; fileRef = B88C98E12293C101002EA7E0 /* ViewController.m */; };
		B88C98E52293C101002EA7E0 /* Main.storyboard in Resources */ = {isa = PBXBuildFile; fileRef = B88C98E32293C101002EA7E0 /* Main.storyboard */; };
		B88C98E72293C102002EA7E0 /* Assets.xcassets in Resources */ = {isa = PBXBuildFile; fileRef = B88C98E62293C102002EA7E0 /* Assets.xcassets */; };
		B88C98EA2293C102002EA7E0 /* LaunchScreen.storyboard in Resources */ = {isa = PBXBuildFile; fileRef = B88C98E82293C102002EA7E0 /* LaunchScreen.storyboard */; };
		B88C98ED2293C102002EA7E0 /* main.m in Sources */ = {isa = PBXBuildFile; fileRef = B88C98EC2293C102002EA7E0 /* main.m */; };
		B895E98122D3154100624CED /* PSWavyController.m in Sources */ = {isa = PBXBuildFile; fileRef = B895E98022D3154100624CED /* PSWavyController.m */; };
		B895E98422D3157100624CED /* PSWavyView.m in Sources */ = {isa = PBXBuildFile; fileRef = B895E98322D3157100624CED /* PSWavyView.m */; };
/* End PBXBuildFile section */

/* Begin PBXFileReference section */
		B80DEFD922C5F21700ABE96A /* PSDefines.h */ = {isa = PBXFileReference; fileEncoding = 4; lastKnownFileType = sourcecode.c.h; path = PSDefines.h; sourceTree = "<group>"; };
		B80DEFDA22C6040500ABE96A /* PSAffineTransformVC.h */ = {isa = PBXFileReference; lastKnownFileType = sourcecode.c.h; path = PSAffineTransformVC.h; sourceTree = "<group>"; };
		B80DEFDB22C6040500ABE96A /* PSAffineTransformVC.m */ = {isa = PBXFileReference; lastKnownFileType = sourcecode.c.objc; path = PSAffineTransformVC.m; sourceTree = "<group>"; };
		B80DEFDC22C6040500ABE96A /* PSAffineTransformVC.xib */ = {isa = PBXFileReference; lastKnownFileType = file.xib; path = PSAffineTransformVC.xib; sourceTree = "<group>"; };
		B80DEFDF22C60EC000ABE96A /* PS3DAffineTransformVC.h */ = {isa = PBXFileReference; lastKnownFileType = sourcecode.c.h; path = PS3DAffineTransformVC.h; sourceTree = "<group>"; };
		B80DEFE022C60EC000ABE96A /* PS3DAffineTransformVC.m */ = {isa = PBXFileReference; lastKnownFileType = sourcecode.c.objc; path = PS3DAffineTransformVC.m; sourceTree = "<group>"; };
		B80DEFE122C60EC000ABE96A /* PS3DAffineTransformVC.xib */ = {isa = PBXFileReference; lastKnownFileType = file.xib; path = PS3DAffineTransformVC.xib; sourceTree = "<group>"; };
		B872CB1522C9B4B8005D8275 /* PSCATransitionController.h */ = {isa = PBXFileReference; lastKnownFileType = sourcecode.c.h; path = PSCATransitionController.h; sourceTree = "<group>"; };
		B872CB1622C9B4B8005D8275 /* PSCATransitionController.m */ = {isa = PBXFileReference; lastKnownFileType = sourcecode.c.objc; path = PSCATransitionController.m; sourceTree = "<group>"; };
		B872CB1722C9B4B8005D8275 /* PSCATransitionController.xib */ = {isa = PBXFileReference; lastKnownFileType = file.xib; path = PSCATransitionController.xib; sourceTree = "<group>"; };
		B872CB1A22C9B763005D8275 /* PSCAAnimationController.h */ = {isa = PBXFileReference; lastKnownFileType = sourcecode.c.h; path = PSCAAnimationController.h; sourceTree = "<group>"; };
		B872CB1B22C9B763005D8275 /* PSCAAnimationController.m */ = {isa = PBXFileReference; lastKnownFileType = sourcecode.c.objc; path = PSCAAnimationController.m; sourceTree = "<group>"; };
		B872CB1C22C9B763005D8275 /* PSCAAnimationController.xib */ = {isa = PBXFileReference; lastKnownFileType = file.xib; path = PSCAAnimationController.xib; sourceTree = "<group>"; };
		B88C98DA2293C101002EA7E0 /* AnimationObject.app */ = {isa = PBXFileReference; explicitFileType = wrapper.application; includeInIndex = 0; path = AnimationObject.app; sourceTree = BUILT_PRODUCTS_DIR; };
		B88C98DD2293C101002EA7E0 /* AppDelegate.h */ = {isa = PBXFileReference; lastKnownFileType = sourcecode.c.h; path = AppDelegate.h; sourceTree = "<group>"; };
		B88C98DE2293C101002EA7E0 /* AppDelegate.m */ = {isa = PBXFileReference; lastKnownFileType = sourcecode.c.objc; path = AppDelegate.m; sourceTree = "<group>"; };
		B88C98E02293C101002EA7E0 /* ViewController.h */ = {isa = PBXFileReference; lastKnownFileType = sourcecode.c.h; path = ViewController.h; sourceTree = "<group>"; };
		B88C98E12293C101002EA7E0 /* ViewController.m */ = {isa = PBXFileReference; lastKnownFileType = sourcecode.c.objc; path = ViewController.m; sourceTree = "<group>"; };
		B88C98E42293C101002EA7E0 /* Base */ = {isa = PBXFileReference; lastKnownFileType = file.storyboard; name = Base; path = Base.lproj/Main.storyboard; sourceTree = "<group>"; };
		B88C98E62293C102002EA7E0 /* Assets.xcassets */ = {isa = PBXFileReference; lastKnownFileType = folder.assetcatalog; path = Assets.xcassets; sourceTree = "<group>"; };
		B88C98E92293C102002EA7E0 /* Base */ = {isa = PBXFileReference; lastKnownFileType = file.storyboard; name = Base; path = Base.lproj/LaunchScreen.storyboard; sourceTree = "<group>"; };
		B88C98EB2293C102002EA7E0 /* Info.plist */ = {isa = PBXFileReference; lastKnownFileType = text.plist.xml; path = Info.plist; sourceTree = "<group>"; };
		B88C98EC2293C102002EA7E0 /* main.m */ = {isa = PBXFileReference; lastKnownFileType = sourcecode.c.objc; path = main.m; sourceTree = "<group>"; };
		B895E97F22D3154100624CED /* PSWavyController.h */ = {isa = PBXFileReference; lastKnownFileType = sourcecode.c.h; path = PSWavyController.h; sourceTree = "<group>"; };
		B895E98022D3154100624CED /* PSWavyController.m */ = {isa = PBXFileReference; lastKnownFileType = sourcecode.c.objc; path = PSWavyController.m; sourceTree = "<group>"; };
		B895E98222D3157100624CED /* PSWavyView.h */ = {isa = PBXFileReference; lastKnownFileType = sourcecode.c.h; path = PSWavyView.h; sourceTree = "<group>"; };
		B895E98322D3157100624CED /* PSWavyView.m */ = {isa = PBXFileReference; lastKnownFileType = sourcecode.c.objc; path = PSWavyView.m; sourceTree = "<group>"; };
/* End PBXFileReference section */

/* Begin PBXFrameworksBuildPhase section */
		B88C98D72293C101002EA7E0 /* Frameworks */ = {
			isa = PBXFrameworksBuildPhase;
			buildActionMask = 2147483647;
			files = (
			);
			runOnlyForDeploymentPostprocessing = 0;
		};
/* End PBXFrameworksBuildPhase section */

/* Begin PBXGroup section */
		B88C98D12293C101002EA7E0 = {
			isa = PBXGroup;
			children = (
				B88C98DC2293C101002EA7E0 /* AnimationObject */,
				B88C98DB2293C101002EA7E0 /* Products */,
			);
			sourceTree = "<group>";
		};
		B88C98DB2293C101002EA7E0 /* Products */ = {
			isa = PBXGroup;
			children = (
				B88C98DA2293C101002EA7E0 /* AnimationObject.app */,
			);
			name = Products;
			sourceTree = "<group>";
		};
		B88C98DC2293C101002EA7E0 /* AnimationObject */ = {
			isa = PBXGroup;
			children = (
				B80DEFD922C5F21700ABE96A /* PSDefines.h */,
				B88C98DD2293C101002EA7E0 /* AppDelegate.h */,
				B88C98DE2293C101002EA7E0 /* AppDelegate.m */,
				B88C98E02293C101002EA7E0 /* ViewController.h */,
				B88C98E12293C101002EA7E0 /* ViewController.m */,
				B895E97E22D3123300624CED /* Animation */,
				B80DEFDA22C6040500ABE96A /* PSAffineTransformVC.h */,
				B80DEFDB22C6040500ABE96A /* PSAffineTransformVC.m */,
				B80DEFDC22C6040500ABE96A /* PSAffineTransformVC.xib */,
				B80DEFDF22C60EC000ABE96A /* PS3DAffineTransformVC.h */,
				B80DEFE022C60EC000ABE96A /* PS3DAffineTransformVC.m */,
				B80DEFE122C60EC000ABE96A /* PS3DAffineTransformVC.xib */,
				B872CB1522C9B4B8005D8275 /* PSCATransitionController.h */,
				B872CB1622C9B4B8005D8275 /* PSCATransitionController.m */,
				B872CB1722C9B4B8005D8275 /* PSCATransitionController.xib */,
				B872CB1A22C9B763005D8275 /* PSCAAnimationController.h */,
				B872CB1B22C9B763005D8275 /* PSCAAnimationController.m */,
				B872CB1C22C9B763005D8275 /* PSCAAnimationController.xib */,
				B88C98E32293C101002EA7E0 /* Main.storyboard */,
				B88C98E62293C102002EA7E0 /* Assets.xcassets */,
				B88C98E82293C102002EA7E0 /* LaunchScreen.storyboard */,
				B88C98EB2293C102002EA7E0 /* Info.plist */,
				B88C98EC2293C102002EA7E0 /* main.m */,
			);
			path = AnimationObject;
			sourceTree = "<group>";
		};
		B895E97E22D3123300624CED /* Animation */ = {
			isa = PBXGroup;
			children = (
				B895E97F22D3154100624CED /* PSWavyController.h */,
				B895E98022D3154100624CED /* PSWavyController.m */,
				B895E98222D3157100624CED /* PSWavyView.h */,
				B895E98322D3157100624CED /* PSWavyView.m */,
			);
			path = Animation;
			sourceTree = "<group>";
		};
/* End PBXGroup section */

/* Begin PBXNativeTarget section */
		B88C98D92293C101002EA7E0 /* AnimationObject */ = {
			isa = PBXNativeTarget;
			buildConfigurationList = B88C98F02293C102002EA7E0 /* Build configuration list for PBXNativeTarget "AnimationObject" */;
			buildPhases = (
				B88C98D62293C101002EA7E0 /* Sources */,
				B88C98D72293C101002EA7E0 /* Frameworks */,
				B88C98D82293C101002EA7E0 /* Resources */,
			);
			buildRules = (
			);
			dependencies = (
			);
			name = AnimationObject;
			productName = AnimationObject;
			productReference = B88C98DA2293C101002EA7E0 /* AnimationObject.app */;
			productType = "com.apple.product-type.application";
		};
/* End PBXNativeTarget section */

/* Begin PBXProject section */
		B88C98D22293C101002EA7E0 /* Project object */ = {
			isa = PBXProject;
			attributes = {
				LastUpgradeCheck = 1010;
				ORGANIZATIONNAME = PengShuai;
				TargetAttributes = {
					B88C98D92293C101002EA7E0 = {
						CreatedOnToolsVersion = 10.1;
					};
				};
			};
			buildConfigurationList = B88C98D52293C101002EA7E0 /* Build configuration list for PBXProject "AnimationObject" */;
			compatibilityVersion = "Xcode 9.3";
			developmentRegion = en;
			hasScannedForEncodings = 0;
			knownRegions = (
				en,
				Base,
			);
			mainGroup = B88C98D12293C101002EA7E0;
			productRefGroup = B88C98DB2293C101002EA7E0 /* Products */;
			projectDirPath = "";
			projectRoot = "";
			targets = (
				B88C98D92293C101002EA7E0 /* AnimationObject */,
			);
		};
/* End PBXProject section */

/* Begin PBXResourcesBuildPhase section */
		B88C98D82293C101002EA7E0 /* Resources */ = {
			isa = PBXResourcesBuildPhase;
			buildActionMask = 2147483647;
			files = (
				B872CB1E22C9B763005D8275 /* PSCAAnimationController.xib in Resources */,
				B88C98EA2293C102002EA7E0 /* LaunchScreen.storyboard in Resources */,
				B872CB1922C9B4B8005D8275 /* PSCATransitionController.xib in Resources */,
				B80DEFE322C60EC000ABE96A /* PS3DAffineTransformVC.xib in Resources */,
				B80DEFDE22C6040500ABE96A /* PSAffineTransformVC.xib in Resources */,
				B88C98E72293C102002EA7E0 /* Assets.xcassets in Resources */,
				B88C98E52293C101002EA7E0 /* Main.storyboard in Resources */,
			);
			runOnlyForDeploymentPostprocessing = 0;
		};
/* End PBXResourcesBuildPhase section */

/* Begin PBXSourcesBuildPhase section */
		B88C98D62293C101002EA7E0 /* Sources */ = {
			isa = PBXSourcesBuildPhase;
			buildActionMask = 2147483647;
			files = (
				B895E98422D3157100624CED /* PSWavyView.m in Sources */,
				B88C98E22293C101002EA7E0 /* ViewController.m in Sources */,
				B80DEFE222C60EC000ABE96A /* PS3DAffineTransformVC.m in Sources */,
				B872CB1822C9B4B8005D8275 /* PSCATransitionController.m in Sources */,
				B895E98122D3154100624CED /* PSWavyController.m in Sources */,
				B88C98ED2293C102002EA7E0 /* main.m in Sources */,
				B88C98DF2293C101002EA7E0 /* AppDelegate.m in Sources */,
				B80DEFDD22C6040500ABE96A /* PSAffineTransformVC.m in Sources */,
				B872CB1D22C9B763005D8275 /* PSCAAnimationController.m in Sources */,
			);
			runOnlyForDeploymentPostprocessing = 0;
		};
/* End PBXSourcesBuildPhase section */

/* Begin PBXVariantGroup section */
		B88C98E32293C101002EA7E0 /* Main.storyboard */ = {
			isa = PBXVariantGroup;
			children = (
				B88C98E42293C101002EA7E0 /* Base */,
			);
			name = Main.storyboard;
			sourceTree = "<group>";
		};
		B88C98E82293C102002EA7E0 /* LaunchScreen.storyboard */ = {
			isa = PBXVariantGroup;
			children = (
				B88C98E92293C102002EA7E0 /* Base */,
			);
			name = LaunchScreen.storyboard;
			sourceTree = "<group>";
		};
/* End PBXVariantGroup section */

/* Begin XCBuildConfiguration section */
		B88C98EE2293C102002EA7E0 /* Debug */ = {
			isa = XCBuildConfiguration;
			buildSettings = {
				ALWAYS_SEARCH_USER_PATHS = NO;
				CLANG_ANALYZER_NONNULL = YES;
				CLANG_ANALYZER_NUMBER_OBJECT_CONVERSION = YES_AGGRESSIVE;
				CLANG_CXX_LANGUAGE_STANDARD = "gnu++14";
				CLANG_CXX_LIBRARY = "libc++";
				CLANG_ENABLE_MODULES = YES;
				CLANG_ENABLE_OBJC_ARC = YES;
				CLANG_ENABLE_OBJC_WEAK = YES;
				CLANG_WARN_BLOCK_CAPTURE_AUTORELEASING = YES;
				CLANG_WARN_BOOL_CONVERSION = YES;
				CLANG_WARN_COMMA = YES;
				CLANG_WARN_CONSTANT_CONVERSION = YES;
				CLANG_WARN_DEPRECATED_OBJC_IMPLEMENTATIONS = YES;
				CLANG_WARN_DIRECT_OBJC_ISA_USAGE = YES_ERROR;
				CLANG_WARN_DOCUMENTATION_COMMENTS = YES;
				CLANG_WARN_EMPTY_BODY = YES;
				CLANG_WARN_ENUM_CONVERSION = YES;
				CLANG_WARN_INFINITE_RECURSION = YES;
				CLANG_WARN_INT_CONVERSION = YES;
				CLANG_WARN_NON_LITERAL_NULL_CONVERSION = YES;
				CLANG_WARN_OBJC_IMPLICIT_RETAIN_SELF = YES;
				CLANG_WARN_OBJC_LITERAL_CONVERSION = YES;
				CLANG_WARN_OBJC_ROOT_CLASS = YES_ERROR;
				CLANG_WARN_RANGE_LOOP_ANALYSIS = YES;
				CLANG_WARN_STRICT_PROTOTYPES = YES;
				CLANG_WARN_SUSPICIOUS_MOVE = YES;
				CLANG_WARN_UNGUARDED_AVAILABILITY = YES_AGGRESSIVE;
				CLANG_WARN_UNREACHABLE_CODE = YES;
				CLANG_WARN__DUPLICATE_METHOD_MATCH = YES;
				CODE_SIGN_IDENTITY = "iPhone Developer";
				COPY_PHASE_STRIP = NO;
				DEBUG_INFORMATION_FORMAT = dwarf;
				ENABLE_STRICT_OBJC_MSGSEND = YES;
				ENABLE_TESTABILITY = YES;
				GCC_C_LANGUAGE_STANDARD = gnu11;
				GCC_DYNAMIC_NO_PIC = NO;
				GCC_NO_COMMON_BLOCKS = YES;
				GCC_OPTIMIZATION_LEVEL = 0;
				GCC_PREPROCESSOR_DEFINITIONS = (
					"DEBUG=1",
					"$(inherited)",
				);
				GCC_WARN_64_TO_32_BIT_CONVERSION = YES;
				GCC_WARN_ABOUT_RETURN_TYPE = YES_ERROR;
				GCC_WARN_UNDECLARED_SELECTOR = YES;
				GCC_WARN_UNINITIALIZED_AUTOS = YES_AGGRESSIVE;
				GCC_WARN_UNUSED_FUNCTION = YES;
				GCC_WARN_UNUSED_VARIABLE = YES;
				IPHONEOS_DEPLOYMENT_TARGET = 12.1;
				MTL_ENABLE_DEBUG_INFO = INCLUDE_SOURCE;
				MTL_FAST_MATH = YES;
				ONLY_ACTIVE_ARCH = YES;
				SDKROOT = iphoneos;
			};
			name = Debug;
		};
		B88C98EF2293C102002EA7E0 /* Release */ = {
			isa = XCBuildConfiguration;
			buildSettings = {
				ALWAYS_SEARCH_USER_PATHS = NO;
				CLANG_ANALYZER_NONNULL = YES;
				CLANG_ANALYZER_NUMBER_OBJECT_CONVERSION = YES_AGGRESSIVE;
				CLANG_CXX_LANGUAGE_STANDARD = "gnu++14";
				CLANG_CXX_LIBRARY = "libc++";
				CLANG_ENABLE_MODULES = YES;
				CLANG_ENABLE_OBJC_ARC = YES;
				CLANG_ENABLE_OBJC_WEAK = YES;
				CLANG_WARN_BLOCK_CAPTURE_AUTORELEASING = YES;
				CLANG_WARN_BOOL_CONVERSION = YES;
				CLANG_WARN_COMMA = YES;
				CLANG_WARN_CONSTANT_CONVERSION = YES;
				CLANG_WARN_DEPRECATED_OBJC_IMPLEMENTATIONS = YES;
				CLANG_WARN_DIRECT_OBJC_ISA_USAGE = YES_ERROR;
				CLANG_WARN_DOCUMENTATION_COMMENTS = YES;
				CLANG_WARN_EMPTY_BODY = YES;
				CLANG_WARN_ENUM_CONVERSION = YES;
				CLANG_WARN_INFINITE_RECURSION = YES;
				CLANG_WARN_INT_CONVERSION = YES;
				CLANG_WARN_NON_LITERAL_NULL_CONVERSION = YES;
				CLANG_WARN_OBJC_IMPLICIT_RETAIN_SELF = YES;
				CLANG_WARN_OBJC_LITERAL_CONVERSION = YES;
				CLANG_WARN_OBJC_ROOT_CLASS = YES_ERROR;
				CLANG_WARN_RANGE_LOOP_ANALYSIS = YES;
				CLANG_WARN_STRICT_PROTOTYPES = YES;
				CLANG_WARN_SUSPICIOUS_MOVE = YES;
				CLANG_WARN_UNGUARDED_AVAILABILITY = YES_AGGRESSIVE;
				CLANG_WARN_UNREACHABLE_CODE = YES;
				CLANG_WARN__DUPLICATE_METHOD_MATCH = YES;
				CODE_SIGN_IDENTITY = "iPhone Developer";
				COPY_PHASE_STRIP = NO;
				DEBUG_INFORMATION_FORMAT = "dwarf-with-dsym";
				ENABLE_NS_ASSERTIONS = NO;
				ENABLE_STRICT_OBJC_MSGSEND = YES;
				GCC_C_LANGUAGE_STANDARD = gnu11;
				GCC_NO_COMMON_BLOCKS = YES;
				GCC_WARN_64_TO_32_BIT_CONVERSION = YES;
				GCC_WARN_ABOUT_RETURN_TYPE = YES_ERROR;
				GCC_WARN_UNDECLARED_SELECTOR = YES;
				GCC_WARN_UNINITIALIZED_AUTOS = YES_AGGRESSIVE;
				GCC_WARN_UNUSED_FUNCTION = YES;
				GCC_WARN_UNUSED_VARIABLE = YES;
				IPHONEOS_DEPLOYMENT_TARGET = 12.1;
				MTL_ENABLE_DEBUG_INFO = NO;
				MTL_FAST_MATH = YES;
				SDKROOT = iphoneos;
				VALIDATE_PRODUCT = YES;
			};
			name = Release;
		};
		B88C98F12293C102002EA7E0 /* Debug */ = {
			isa = XCBuildConfiguration;
			buildSettings = {
				ASSETCATALOG_COMPILER_APPICON_NAME = AppIcon;
				CODE_SIGN_STYLE = Automatic;
				DEVELOPMENT_TEAM = 8A4GW7NNMD;
				INFOPLIST_FILE = AnimationObject/Info.plist;
				LD_RUNPATH_SEARCH_PATHS = (
					"$(inherited)",
					"@executable_path/Frameworks",
				);
				PRODUCT_BUNDLE_IDENTIFIER = com.S.Peng..AnimationObject;
				PRODUCT_NAME = "$(TARGET_NAME)";
				TARGETED_DEVICE_FAMILY = "1,2";
			};
			name = Debug;
		};
		B88C98F22293C102002EA7E0 /* Release */ = {
			isa = XCBuildConfiguration;
			buildSettings = {
				ASSETCATALOG_COMPILER_APPICON_NAME = AppIcon;
				CODE_SIGN_STYLE = Automatic;
				DEVELOPMENT_TEAM = 8A4GW7NNMD;
				INFOPLIST_FILE = AnimationObject/Info.plist;
				LD_RUNPATH_SEARCH_PATHS = (
					"$(inherited)",
					"@executable_path/Frameworks",
				);
				PRODUCT_BUNDLE_IDENTIFIER = com.S.Peng..AnimationObject;
				PRODUCT_NAME = "$(TARGET_NAME)";
				TARGETED_DEVICE_FAMILY = "1,2";
			};
			name = Release;
		};
/* End XCBuildConfiguration section */

/* Begin XCConfigurationList section */
		B88C98D52293C101002EA7E0 /* Build configuration list for PBXProject "AnimationObject" */ = {
			isa = XCConfigurationList;
			buildConfigurations = (
				B88C98EE2293C102002EA7E0 /* Debug */,
				B88C98EF2293C102002EA7E0 /* Release */,
			);
			defaultConfigurationIsVisible = 0;
			defaultConfigurationName = Release;
		};
		B88C98F02293C102002EA7E0 /* Build configuration list for PBXNativeTarget "AnimationObject" */ = {
			isa = XCConfigurationList;
			buildConfigurations = (
				B88C98F12293C102002EA7E0 /* Debug */,
				B88C98F22293C102002EA7E0 /* Release */,
			);
			defaultConfigurationIsVisible = 0;
			defaultConfigurationName = Release;
		};
/* End XCConfigurationList section */
	};
	rootObject = B88C98D22293C101002EA7E0 /* Project object */;
}
