// !$*UTF8*$!
{
	archiveVersion = 1;
	classes = {
	};
	objectVersion = 50;
	objects = {

/* Begin PBXBuildFile section */
		B8EAD9A822ADE7E7004BDBAF /* PSHitTabBar.m in Sources */ = {isa = PBXBuildFile; fileRef = B8EAD9A722ADE7E7004BDBAF /* PSHitTabBar.m */; };
		B8EAD9AB22ADEA94004BDBAF /* PSBaseTabBar.m in Sources */ = {isa = PBXBuildFile; fileRef = B8EAD9AA22ADEA94004BDBAF /* PSBaseTabBar.m */; };
		B8EAD9AE22ADEE39004BDBAF /* PSTabBarController.m in Sources */ = {isa = PBXBuildFile; fileRef = B8EAD9AD22ADEE39004BDBAF /* PSTabBarController.m */; };
		B8EAD9D622AE4713004BDBAF /* PSGradientHelper.m in Sources */ = {isa = PBXBuildFile; fileRef = B8EAD9D422AE4713004BDBAF /* PSGradientHelper.m */; };
		B8F5858B22AA2919007795C1 /* AppDelegate.m in Sources */ = {isa = PBXBuildFile; fileRef = B8F5858A22AA2919007795C1 /* AppDelegate.m */; };
		B8F5858E22AA2919007795C1 /* ViewController.m in Sources */ = {isa = PBXBuildFile; fileRef = B8F5858D22AA2919007795C1 /* ViewController.m */; };
		B8F5859122AA2919007795C1 /* Main.storyboard in Resources */ = {isa = PBXBuildFile; fileRef = B8F5858F22AA2919007795C1 /* Main.storyboard */; };
		B8F5859322AA291A007795C1 /* Assets.xcassets in Resources */ = {isa = PBXBuildFile; fileRef = B8F5859222AA291A007795C1 /* Assets.xcassets */; };
		B8F5859622AA291A007795C1 /* LaunchScreen.storyboard in Resources */ = {isa = PBXBuildFile; fileRef = B8F5859422AA291A007795C1 /* LaunchScreen.storyboard */; };
		B8F5859922AA291A007795C1 /* main.m in Sources */ = {isa = PBXBuildFile; fileRef = B8F5859822AA291A007795C1 /* main.m */; };
		B8F585A222AA2BAA007795C1 /* PSTabBadgeLabel.m in Sources */ = {isa = PBXBuildFile; fileRef = B8F585A122AA2BAA007795C1 /* PSTabBadgeLabel.m */; };
		B8F585A522AA3673007795C1 /* PSTabBarItem.m in Sources */ = {isa = PBXBuildFile; fileRef = B8F585A422AA3673007795C1 /* PSTabBarItem.m */; };
		B8F585A822AA368C007795C1 /* PSTabBar.m in Sources */ = {isa = PBXBuildFile; fileRef = B8F585A722AA368C007795C1 /* PSTabBar.m */; };
/* End PBXBuildFile section */

/* Begin PBXFileReference section */
		B8EAD9A622ADE7E7004BDBAF /* PSHitTabBar.h */ = {isa = PBXFileReference; lastKnownFileType = sourcecode.c.h; path = PSHitTabBar.h; sourceTree = "<group>"; };
		B8EAD9A722ADE7E7004BDBAF /* PSHitTabBar.m */ = {isa = PBXFileReference; lastKnownFileType = sourcecode.c.objc; path = PSHitTabBar.m; sourceTree = "<group>"; };
		B8EAD9A922ADEA94004BDBAF /* PSBaseTabBar.h */ = {isa = PBXFileReference; lastKnownFileType = sourcecode.c.h; path = PSBaseTabBar.h; sourceTree = "<group>"; };
		B8EAD9AA22ADEA94004BDBAF /* PSBaseTabBar.m */ = {isa = PBXFileReference; lastKnownFileType = sourcecode.c.objc; path = PSBaseTabBar.m; sourceTree = "<group>"; };
		B8EAD9AC22ADEE39004BDBAF /* PSTabBarController.h */ = {isa = PBXFileReference; lastKnownFileType = sourcecode.c.h; path = PSTabBarController.h; sourceTree = "<group>"; };
		B8EAD9AD22ADEE39004BDBAF /* PSTabBarController.m */ = {isa = PBXFileReference; lastKnownFileType = sourcecode.c.objc; path = PSTabBarController.m; sourceTree = "<group>"; };
		B8EAD9D422AE4713004BDBAF /* PSGradientHelper.m */ = {isa = PBXFileReference; fileEncoding = 4; lastKnownFileType = sourcecode.c.objc; path = PSGradientHelper.m; sourceTree = "<group>"; };
		B8EAD9D522AE4713004BDBAF /* PSGradientHelper.h */ = {isa = PBXFileReference; fileEncoding = 4; lastKnownFileType = sourcecode.c.h; path = PSGradientHelper.h; sourceTree = "<group>"; };
		B8F5858622AA2919007795C1 /* PSCustomTabBar.app */ = {isa = PBXFileReference; explicitFileType = wrapper.application; includeInIndex = 0; path = PSCustomTabBar.app; sourceTree = BUILT_PRODUCTS_DIR; };
		B8F5858922AA2919007795C1 /* AppDelegate.h */ = {isa = PBXFileReference; lastKnownFileType = sourcecode.c.h; path = AppDelegate.h; sourceTree = "<group>"; };
		B8F5858A22AA2919007795C1 /* AppDelegate.m */ = {isa = PBXFileReference; lastKnownFileType = sourcecode.c.objc; path = AppDelegate.m; sourceTree = "<group>"; };
		B8F5858C22AA2919007795C1 /* ViewController.h */ = {isa = PBXFileReference; lastKnownFileType = sourcecode.c.h; path = ViewController.h; sourceTree = "<group>"; };
		B8F5858D22AA2919007795C1 /* ViewController.m */ = {isa = PBXFileReference; lastKnownFileType = sourcecode.c.objc; path = ViewController.m; sourceTree = "<group>"; };
		B8F5859022AA2919007795C1 /* Base */ = {isa = PBXFileReference; lastKnownFileType = file.storyboard; name = Base; path = Base.lproj/Main.storyboard; sourceTree = "<group>"; };
		B8F5859222AA291A007795C1 /* Assets.xcassets */ = {isa = PBXFileReference; lastKnownFileType = folder.assetcatalog; path = Assets.xcassets; sourceTree = "<group>"; };
		B8F5859522AA291A007795C1 /* Base */ = {isa = PBXFileReference; lastKnownFileType = file.storyboard; name = Base; path = Base.lproj/LaunchScreen.storyboard; sourceTree = "<group>"; };
		B8F5859722AA291A007795C1 /* Info.plist */ = {isa = PBXFileReference; lastKnownFileType = text.plist.xml; path = Info.plist; sourceTree = "<group>"; };
		B8F5859822AA291A007795C1 /* main.m */ = {isa = PBXFileReference; lastKnownFileType = sourcecode.c.objc; path = main.m; sourceTree = "<group>"; };
		B8F585A022AA2BAA007795C1 /* PSTabBadgeLabel.h */ = {isa = PBXFileReference; lastKnownFileType = sourcecode.c.h; path = PSTabBadgeLabel.h; sourceTree = "<group>"; };
		B8F585A122AA2BAA007795C1 /* PSTabBadgeLabel.m */ = {isa = PBXFileReference; lastKnownFileType = sourcecode.c.objc; path = PSTabBadgeLabel.m; sourceTree = "<group>"; };
		B8F585A322AA3673007795C1 /* PSTabBarItem.h */ = {isa = PBXFileReference; lastKnownFileType = sourcecode.c.h; path = PSTabBarItem.h; sourceTree = "<group>"; };
		B8F585A422AA3673007795C1 /* PSTabBarItem.m */ = {isa = PBXFileReference; lastKnownFileType = sourcecode.c.objc; path = PSTabBarItem.m; sourceTree = "<group>"; };
		B8F585A622AA368C007795C1 /* PSTabBar.h */ = {isa = PBXFileReference; lastKnownFileType = sourcecode.c.h; path = PSTabBar.h; sourceTree = "<group>"; };
		B8F585A722AA368C007795C1 /* PSTabBar.m */ = {isa = PBXFileReference; lastKnownFileType = sourcecode.c.objc; path = PSTabBar.m; sourceTree = "<group>"; };
/* End PBXFileReference section */

/* Begin PBXFrameworksBuildPhase section */
		B8F5858322AA2919007795C1 /* Frameworks */ = {
			isa = PBXFrameworksBuildPhase;
			buildActionMask = 2147483647;
			files = (
			);
			runOnlyForDeploymentPostprocessing = 0;
		};
/* End PBXFrameworksBuildPhase section */

/* Begin PBXGroup section */
		B8F5857D22AA2919007795C1 = {
			isa = PBXGroup;
			children = (
				B8F5858822AA2919007795C1 /* PSCustomTabBar */,
				B8F5858722AA2919007795C1 /* Products */,
			);
			sourceTree = "<group>";
		};
		B8F5858722AA2919007795C1 /* Products */ = {
			isa = PBXGroup;
			children = (
				B8F5858622AA2919007795C1 /* PSCustomTabBar.app */,
			);
			name = Products;
			sourceTree = "<group>";
		};
		B8F5858822AA2919007795C1 /* PSCustomTabBar */ = {
			isa = PBXGroup;
			children = (
				B8F5859F22AA2A06007795C1 /* PSTabBar */,
				B8F5858922AA2919007795C1 /* AppDelegate.h */,
				B8F5858A22AA2919007795C1 /* AppDelegate.m */,
				B8F5858C22AA2919007795C1 /* ViewController.h */,
				B8F5858D22AA2919007795C1 /* ViewController.m */,
				B8F5858F22AA2919007795C1 /* Main.storyboard */,
				B8F5859222AA291A007795C1 /* Assets.xcassets */,
				B8F5859422AA291A007795C1 /* LaunchScreen.storyboard */,
				B8F5859722AA291A007795C1 /* Info.plist */,
				B8F5859822AA291A007795C1 /* main.m */,
				B8EAD9A922ADEA94004BDBAF /* PSBaseTabBar.h */,
				B8EAD9AA22ADEA94004BDBAF /* PSBaseTabBar.m */,
				B8EAD9AC22ADEE39004BDBAF /* PSTabBarController.h */,
				B8EAD9AD22ADEE39004BDBAF /* PSTabBarController.m */,
			);
			path = PSCustomTabBar;
			sourceTree = "<group>";
		};
		B8F5859F22AA2A06007795C1 /* PSTabBar */ = {
			isa = PBXGroup;
			children = (
				B8EAD9D522AE4713004BDBAF /* PSGradientHelper.h */,
				B8EAD9D422AE4713004BDBAF /* PSGradientHelper.m */,
				B8F585A022AA2BAA007795C1 /* PSTabBadgeLabel.h */,
				B8F585A122AA2BAA007795C1 /* PSTabBadgeLabel.m */,
				B8F585A322AA3673007795C1 /* PSTabBarItem.h */,
				B8F585A422AA3673007795C1 /* PSTabBarItem.m */,
				B8F585A622AA368C007795C1 /* PSTabBar.h */,
				B8F585A722AA368C007795C1 /* PSTabBar.m */,
				B8EAD9A622ADE7E7004BDBAF /* PSHitTabBar.h */,
				B8EAD9A722ADE7E7004BDBAF /* PSHitTabBar.m */,
			);
			path = PSTabBar;
			sourceTree = "<group>";
		};
/* End PBXGroup section */

/* Begin PBXNativeTarget section */
		B8F5858522AA2919007795C1 /* PSCustomTabBar */ = {
			isa = PBXNativeTarget;
			buildConfigurationList = B8F5859C22AA291A007795C1 /* Build configuration list for PBXNativeTarget "PSCustomTabBar" */;
			buildPhases = (
				B8F5858222AA2919007795C1 /* Sources */,
				B8F5858322AA2919007795C1 /* Frameworks */,
				B8F5858422AA2919007795C1 /* Resources */,
			);
			buildRules = (
			);
			dependencies = (
			);
			name = PSCustomTabBar;
			productName = PSCustomTabBar;
			productReference = B8F5858622AA2919007795C1 /* PSCustomTabBar.app */;
			productType = "com.apple.product-type.application";
		};
/* End PBXNativeTarget section */

/* Begin PBXProject section */
		B8F5857E22AA2919007795C1 /* Project object */ = {
			isa = PBXProject;
			attributes = {
				LastUpgradeCheck = 1010;
				ORGANIZATIONNAME = PengShuai;
				TargetAttributes = {
					B8F5858522AA2919007795C1 = {
						CreatedOnToolsVersion = 10.1;
					};
				};
			};
			buildConfigurationList = B8F5858122AA2919007795C1 /* Build configuration list for PBXProject "PSCustomTabBar" */;
			compatibilityVersion = "Xcode 9.3";
			developmentRegion = en;
			hasScannedForEncodings = 0;
			knownRegions = (
				en,
				Base,
			);
			mainGroup = B8F5857D22AA2919007795C1;
			productRefGroup = B8F5858722AA2919007795C1 /* Products */;
			projectDirPath = "";
			projectRoot = "";
			targets = (
				B8F5858522AA2919007795C1 /* PSCustomTabBar */,
			);
		};
/* End PBXProject section */

/* Begin PBXResourcesBuildPhase section */
		B8F5858422AA2919007795C1 /* Resources */ = {
			isa = PBXResourcesBuildPhase;
			buildActionMask = 2147483647;
			files = (
				B8F5859622AA291A007795C1 /* LaunchScreen.storyboard in Resources */,
				B8F5859322AA291A007795C1 /* Assets.xcassets in Resources */,
				B8F5859122AA2919007795C1 /* Main.storyboard in Resources */,
			);
			runOnlyForDeploymentPostprocessing = 0;
		};
/* End PBXResourcesBuildPhase section */

/* Begin PBXSourcesBuildPhase section */
		B8F5858222AA2919007795C1 /* Sources */ = {
			isa = PBXSourcesBuildPhase;
			buildActionMask = 2147483647;
			files = (
				B8EAD9AE22ADEE39004BDBAF /* PSTabBarController.m in Sources */,
				B8F5858E22AA2919007795C1 /* ViewController.m in Sources */,
				B8F585A222AA2BAA007795C1 /* PSTabBadgeLabel.m in Sources */,
				B8F5859922AA291A007795C1 /* main.m in Sources */,
				B8EAD9D622AE4713004BDBAF /* PSGradientHelper.m in Sources */,
				B8EAD9AB22ADEA94004BDBAF /* PSBaseTabBar.m in Sources */,
				B8F5858B22AA2919007795C1 /* AppDelegate.m in Sources */,
				B8F585A822AA368C007795C1 /* PSTabBar.m in Sources */,
				B8F585A522AA3673007795C1 /* PSTabBarItem.m in Sources */,
				B8EAD9A822ADE7E7004BDBAF /* PSHitTabBar.m in Sources */,
			);
			runOnlyForDeploymentPostprocessing = 0;
		};
/* End PBXSourcesBuildPhase section */

/* Begin PBXVariantGroup section */
		B8F5858F22AA2919007795C1 /* Main.storyboard */ = {
			isa = PBXVariantGroup;
			children = (
				B8F5859022AA2919007795C1 /* Base */,
			);
			name = Main.storyboard;
			sourceTree = "<group>";
		};
		B8F5859422AA291A007795C1 /* LaunchScreen.storyboard */ = {
			isa = PBXVariantGroup;
			children = (
				B8F5859522AA291A007795C1 /* Base */,
			);
			name = LaunchScreen.storyboard;
			sourceTree = "<group>";
		};
/* End PBXVariantGroup section */

/* Begin XCBuildConfiguration section */
		B8F5859A22AA291A007795C1 /* Debug */ = {
			isa = XCBuildConfiguration;
			buildSettings = {
				ALWAYS_SEARCH_USER_PATHS = NO;
				CLANG_ANALYZER_NONNULL = YES;
				CLANG_ANALYZER_NUMBER_OBJECT_CONVERSION = YES_AGGRESSIVE;
				CLANG_CXX_LANGUAGE_STANDARD = "gnu++14";
				CLANG_CXX_LIBRARY = "libc++";
				CLANG_ENABLE_MODULES = YES;
				CLANG_ENABLE_OBJC_ARC = YES;
				CLANG_ENABLE_OBJC_WEAK = YES;
				CLANG_WARN_BLOCK_CAPTURE_AUTORELEASING = YES;
				CLANG_WARN_BOOL_CONVERSION = YES;
				CLANG_WARN_COMMA = YES;
				CLANG_WARN_CONSTANT_CONVERSION = YES;
				CLANG_WARN_DEPRECATED_OBJC_IMPLEMENTATIONS = YES;
				CLANG_WARN_DIRECT_OBJC_ISA_USAGE = YES_ERROR;
				CLANG_WARN_DOCUMENTATION_COMMENTS = YES;
				CLANG_WARN_EMPTY_BODY = YES;
				CLANG_WARN_ENUM_CONVERSION = YES;
				CLANG_WARN_INFINITE_RECURSION = YES;
				CLANG_WARN_INT_CONVERSION = YES;
				CLANG_WARN_NON_LITERAL_NULL_CONVERSION = YES;
				CLANG_WARN_OBJC_IMPLICIT_RETAIN_SELF = YES;
				CLANG_WARN_OBJC_LITERAL_CONVERSION = YES;
				CLANG_WARN_OBJC_ROOT_CLASS = YES_ERROR;
				CLANG_WARN_RANGE_LOOP_ANALYSIS = YES;
				CLANG_WARN_STRICT_PROTOTYPES = YES;
				CLANG_WARN_SUSPICIOUS_MOVE = YES;
				CLANG_WARN_UNGUARDED_AVAILABILITY = YES_AGGRESSIVE;
				CLANG_WARN_UNREACHABLE_CODE = YES;
				CLANG_WARN__DUPLICATE_METHOD_MATCH = YES;
				CODE_SIGN_IDENTITY = "iPhone Developer";
				COPY_PHASE_STRIP = NO;
				DEBUG_INFORMATION_FORMAT = dwarf;
				ENABLE_STRICT_OBJC_MSGSEND = YES;
				ENABLE_TESTABILITY = YES;
				GCC_C_LANGUAGE_STANDARD = gnu11;
				GCC_DYNAMIC_NO_PIC = NO;
				GCC_NO_COMMON_BLOCKS = YES;
				GCC_OPTIMIZATION_LEVEL = 0;
				GCC_PREPROCESSOR_DEFINITIONS = (
					"DEBUG=1",
					"$(inherited)",
				);
				GCC_WARN_64_TO_32_BIT_CONVERSION = YES;
				GCC_WARN_ABOUT_RETURN_TYPE = YES_ERROR;
				GCC_WARN_UNDECLARED_SELECTOR = YES;
				GCC_WARN_UNINITIALIZED_AUTOS = YES_AGGRESSIVE;
				GCC_WARN_UNUSED_FUNCTION = YES;
				GCC_WARN_UNUSED_VARIABLE = YES;
				IPHONEOS_DEPLOYMENT_TARGET = 12.1;
				MTL_ENABLE_DEBUG_INFO = INCLUDE_SOURCE;
				MTL_FAST_MATH = YES;
				ONLY_ACTIVE_ARCH = YES;
				SDKROOT = iphoneos;
			};
			name = Debug;
		};
		B8F5859B22AA291A007795C1 /* Release */ = {
			isa = XCBuildConfiguration;
			buildSettings = {
				ALWAYS_SEARCH_USER_PATHS = NO;
				CLANG_ANALYZER_NONNULL = YES;
				CLANG_ANALYZER_NUMBER_OBJECT_CONVERSION = YES_AGGRESSIVE;
				CLANG_CXX_LANGUAGE_STANDARD = "gnu++14";
				CLANG_CXX_LIBRARY = "libc++";
				CLANG_ENABLE_MODULES = YES;
				CLANG_ENABLE_OBJC_ARC = YES;
				CLANG_ENABLE_OBJC_WEAK = YES;
				CLANG_WARN_BLOCK_CAPTURE_AUTORELEASING = YES;
				CLANG_WARN_BOOL_CONVERSION = YES;
				CLANG_WARN_COMMA = YES;
				CLANG_WARN_CONSTANT_CONVERSION = YES;
				CLANG_WARN_DEPRECATED_OBJC_IMPLEMENTATIONS = YES;
				CLANG_WARN_DIRECT_OBJC_ISA_USAGE = YES_ERROR;
				CLANG_WARN_DOCUMENTATION_COMMENTS = YES;
				CLANG_WARN_EMPTY_BODY = YES;
				CLANG_WARN_ENUM_CONVERSION = YES;
				CLANG_WARN_INFINITE_RECURSION = YES;
				CLANG_WARN_INT_CONVERSION = YES;
				CLANG_WARN_NON_LITERAL_NULL_CONVERSION = YES;
				CLANG_WARN_OBJC_IMPLICIT_RETAIN_SELF = YES;
				CLANG_WARN_OBJC_LITERAL_CONVERSION = YES;
				CLANG_WARN_OBJC_ROOT_CLASS = YES_ERROR;
				CLANG_WARN_RANGE_LOOP_ANALYSIS = YES;
				CLANG_WARN_STRICT_PROTOTYPES = YES;
				CLANG_WARN_SUSPICIOUS_MOVE = YES;
				CLANG_WARN_UNGUARDED_AVAILABILITY = YES_AGGRESSIVE;
				CLANG_WARN_UNREACHABLE_CODE = YES;
				CLANG_WARN__DUPLICATE_METHOD_MATCH = YES;
				CODE_SIGN_IDENTITY = "iPhone Developer";
				COPY_PHASE_STRIP = NO;
				DEBUG_INFORMATION_FORMAT = "dwarf-with-dsym";
				ENABLE_NS_ASSERTIONS = NO;
				ENABLE_STRICT_OBJC_MSGSEND = YES;
				GCC_C_LANGUAGE_STANDARD = gnu11;
				GCC_NO_COMMON_BLOCKS = YES;
				GCC_WARN_64_TO_32_BIT_CONVERSION = YES;
				GCC_WARN_ABOUT_RETURN_TYPE = YES_ERROR;
				GCC_WARN_UNDECLARED_SELECTOR = YES;
				GCC_WARN_UNINITIALIZED_AUTOS = YES_AGGRESSIVE;
				GCC_WARN_UNUSED_FUNCTION = YES;
				GCC_WARN_UNUSED_VARIABLE = YES;
				IPHONEOS_DEPLOYMENT_TARGET = 12.1;
				MTL_ENABLE_DEBUG_INFO = NO;
				MTL_FAST_MATH = YES;
				SDKROOT = iphoneos;
				VALIDATE_PRODUCT = YES;
			};
			name = Release;
		};
		B8F5859D22AA291A007795C1 /* Debug */ = {
			isa = XCBuildConfiguration;
			buildSettings = {
				ASSETCATALOG_COMPILER_APPICON_NAME = AppIcon;
				CODE_SIGN_STYLE = Automatic;
				DEVELOPMENT_TEAM = 8A4GW7NNMD;
				INFOPLIST_FILE = PSCustomTabBar/Info.plist;
				LD_RUNPATH_SEARCH_PATHS = (
					"$(inherited)",
					"@executable_path/Frameworks",
				);
				PRODUCT_BUNDLE_IDENTIFIER = com.S.Peng..PSCustomTabBar;
				PRODUCT_NAME = "$(TARGET_NAME)";
				TARGETED_DEVICE_FAMILY = "1,2";
			};
			name = Debug;
		};
		B8F5859E22AA291A007795C1 /* Release */ = {
			isa = XCBuildConfiguration;
			buildSettings = {
				ASSETCATALOG_COMPILER_APPICON_NAME = AppIcon;
				CODE_SIGN_STYLE = Automatic;
				DEVELOPMENT_TEAM = 8A4GW7NNMD;
				INFOPLIST_FILE = PSCustomTabBar/Info.plist;
				LD_RUNPATH_SEARCH_PATHS = (
					"$(inherited)",
					"@executable_path/Frameworks",
				);
				PRODUCT_BUNDLE_IDENTIFIER = com.S.Peng..PSCustomTabBar;
				PRODUCT_NAME = "$(TARGET_NAME)";
				TARGETED_DEVICE_FAMILY = "1,2";
			};
			name = Release;
		};
/* End XCBuildConfiguration section */

/* Begin XCConfigurationList section */
		B8F5858122AA2919007795C1 /* Build configuration list for PBXProject "PSCustomTabBar" */ = {
			isa = XCConfigurationList;
			buildConfigurations = (
				B8F5859A22AA291A007795C1 /* Debug */,
				B8F5859B22AA291A007795C1 /* Release */,
			);
			defaultConfigurationIsVisible = 0;
			defaultConfigurationName = Release;
		};
		B8F5859C22AA291A007795C1 /* Build configuration list for PBXNativeTarget "PSCustomTabBar" */ = {
			isa = XCConfigurationList;
			buildConfigurations = (
				B8F5859D22AA291A007795C1 /* Debug */,
				B8F5859E22AA291A007795C1 /* Release */,
			);
			defaultConfigurationIsVisible = 0;
			defaultConfigurationName = Release;
		};
/* End XCConfigurationList section */
	};
	rootObject = B8F5857E22AA2919007795C1 /* Project object */;
}
